Microsoft Visual Studio Solution File, Format Version 12.00
# Visual Studio Version 17
VisualStudioVersion = 17.0.31912.275
MinimumVisualStudioVersion = 10.0.40219.1
Project("{FAE04EC0-301F-11D3-BF4B-00C04F79EFBC}") = "FacturacionSystem", "FacturacionSystem\FacturacionSystem.csproj", "{8A9B0E6D-7D1E-4A3D-9E8F-2B3C4D5E6F7A}"
EndProject
Project("{FAE04EC0-301F-11D3-BF4B-00C04F79EFBC}") = "FacturacionSystem.BLL", "FacturacionSystem.BLL\FacturacionSystem.BLL.csproj", "{9B8A0E6D-7D1E-4A3D-9E8F-2B3C4D5E6F7B}"
EndProject
Project("{FAE04EC0-301F-11D3-BF4B-00C04F79EFBC}") = "FacturacionSystem.DAL", "FacturacionSystem.DAL\FacturacionSystem.DAL.csproj", "{7C9B0E6D-7D1E-4A3D-9E8F-2B3C4D5E6F7C}"
EndProject
Global
    GlobalSection(SolutionConfigurationPlatforms) = preSolution
        Debug|Any CPU = Debug|Any CPU
        Release|Any CPU = Release|Any CPU
    EndGlobalSection
    GlobalSection(ProjectConfigurationPlatforms) = postSolution
        {8A9B0E6D-7D1E-4A3D-9E8F-2B3C4D5E6F7A}.Debug|Any CPU.ActiveCfg = Debug|Any CPU
        {8A9B0E6D-7D1E-4A3D-9E8F-2B3C4D5E6F7A}.Debug|Any CPU.Build.0 = Debug|Any CPU
        {8A9B0E6D-7D1E-4A3D-9E8F-2B3C4D5E6F7A}.Release|Any CPU.ActiveCfg = Release|Any CPU
        {8A9B0E6D-7D1E-4A3D-9E8F-2B3C4D5E6F7A}.Release|Any CPU.Build.0 = Release|Any CPU
        {9B8A0E6D-7D1E-4A3D-9E8F-2B3C4D5E6F7B}.Debug|Any CPU.ActiveCfg = Debug|Any CPU
        {9B8A0E6D-7D1E-4A3D-9E8F-2B3C4D5E6F7B}.Debug|Any CPU.Build.0 = Debug|Any CPU
        {9B8A0E6D-7D1E-4A3D-9E8F-2B3C4D5E6F7B}.Release|Any CPU.ActiveCfg = Release|Any CPU
        {9B8A0E6D-7D1E-4A3D-9E8F-2B3C4D5E6F7B}.Release|Any CPU.Build.0 = Release|Any CPU
        {7C9B0E6D-7D1E-4A3D-9E8F-2B3C4D5E6F7C}.Debug|Any CPU.ActiveCfg = Debug|Any CPU
        {7C9B0E6D-7D1E-4A3D-9E8F-2B3C4D5E6F7C}.Debug|Any CPU.Build.0 = Debug|Any CPU
        {7C9B0E6D-7D1E-4A3D-9E8F-2B3C4D5E6F7C}.Release|Any CPU.ActiveCfg = Release|Any CPU
        {7C9B0E6D-7D1E-4A3D-9E8F-2B3C4D5E6F7C}.Release|Any CPU.Build.0 = Release|Any CPU
    EndGlobalSection
    GlobalSection(SolutionProperties) = preSolution
        HideSolutionNode = FALSE
    EndGlobalSection
EndGlobal